{
  "name": "opceanaicli",
  "version": "1.0.1",
  "lockfileVersion": 3,
  "requires": true,
  "packages": {
    "": {
      "name": "opceanaicli",
      "version": "1.0.1",
      "cpu": [
        "x64",
        "ia32",
        "arm",
        "arm64"
      ],
      "license": "MIT",
      "os": [
        "win32",
        "linux",
        "darwin"
      ],
      "bin": {
        "opceanaicli": "index.js"
      },
      "engines": {
        "node": ">=14.0.0"
      }
    }
  }
}
